// !$*UTF8*$!
{
	archiveVersion = 1;
	classes = {
	};
	objectVersion = 48;
	objects = {

/* Begin PBXBuildFile section */
		2462CA201F2748A5001A026E /* Quicksand-Regular.ttf in Resources */ = {isa = PBXBuildFile; fileRef = 2462CA1E1F274895001A026E /* Quicksand-Regular.ttf */; };
		2499D9A51F274F1F006ED807 /* MainMenu.swift in Sources */ = {isa = PBXBuildFile; fileRef = 2499D9A41F274F1F006ED807 /* MainMenu.swift */; };
		24B5395C1F26B9C500090587 /* CameraViewController.swift in Sources */ = {isa = PBXBuildFile; fileRef = 24B5395B1F26B9C500090587 /* CameraViewController.swift */; };
		24B5395F1F26B9C500090587 /* Main.storyboard in Resources */ = {isa = PBXBuildFile; fileRef = 24B5395D1F26B9C500090587 /* Main.storyboard */; };
		24B539611F26B9C500090587 /* Assets.xcassets in Resources */ = {isa = PBXBuildFile; fileRef = 24B539601F26B9C500090587 /* Assets.xcassets */; };
		24B539641F26B9C500090587 /* LaunchScreen.storyboard in Resources */ = {isa = PBXBuildFile; fileRef = 24B539621F26B9C500090587 /* LaunchScreen.storyboard */; };
		80EF9F7AF1AB095BD4930725 /* Pods_LensWizard.framework in Frameworks */ = {isa = PBXBuildFile; fileRef = 645432FEF8BEBF29F059AD90 /* Pods_LensWizard.framework */; };
/* End PBXBuildFile section */

/* Begin PBXFileReference section */
		198DEB83469AA4B2378540DC /* Pods-LensWizard.release.xcconfig */ = {isa = PBXFileReference; includeInIndex = 1; lastKnownFileType = text.xcconfig; name = "Pods-LensWizard.release.xcconfig"; path = "Pods/Target Support Files/Pods-LensWizard/Pods-LensWizard.release.xcconfig"; sourceTree = "<group>"; };
		2462CA1E1F274895001A026E /* Quicksand-Regular.ttf */ = {isa = PBXFileReference; lastKnownFileType = file; path = "Quicksand-Regular.ttf"; sourceTree = "<group>"; };
		2499D9A41F274F1F006ED807 /* MainMenu.swift */ = {isa = PBXFileReference; lastKnownFileType = sourcecode.swift; path = MainMenu.swift; sourceTree = "<group>"; };
		24B539561F26B9C500090587 /* LensWizard.app */ = {isa = PBXFileReference; explicitFileType = wrapper.application; includeInIndex = 0; path = LensWizard.app; sourceTree = BUILT_PRODUCTS_DIR; };
		24B5395B1F26B9C500090587 /* CameraViewController.swift */ = {isa = PBXFileReference; lastKnownFileType = sourcecode.swift; path = CameraViewController.swift; sourceTree = "<group>"; };
		24B5395E1F26B9C500090587 /* Base */ = {isa = PBXFileReference; lastKnownFileType = file.storyboard; name = Base; path = Base.lproj/Main.storyboard; sourceTree = "<group>"; };
		24B539601F26B9C500090587 /* Assets.xcassets */ = {isa = PBXFileReference; lastKnownFileType = folder.assetcatalog; path = Assets.xcassets; sourceTree = "<group>"; };
		24B539631F26B9C500090587 /* Base */ = {isa = PBXFileReference; lastKnownFileType = file.storyboard; name = Base; path = Base.lproj/LaunchScreen.storyboard; sourceTree = "<group>"; };
		24B539651F26B9C500090587 /* Info.plist */ = {isa = PBXFileReference; lastKnownFileType = text.plist.xml; path = Info.plist; sourceTree = "<group>"; };
		24D1E1CF1F42B8D600C754FE /* Inceptionv3.mlmodel */ = {isa = PBXFileReference; lastKnownFileType = file.mlmodel; path = Inceptionv3.mlmodel; sourceTree = "<group>"; };
		5F22675E69D5883C61A6B3A5 /* Pods-LensWizard.debug.xcconfig */ = {isa = PBXFileReference; includeInIndex = 1; lastKnownFileType = text.xcconfig; name = "Pods-LensWizard.debug.xcconfig"; path = "Pods/Target Support Files/Pods-LensWizard/Pods-LensWizard.debug.xcconfig"; sourceTree = "<group>"; };
		645432FEF8BEBF29F059AD90 /* Pods_LensWizard.framework */ = {isa = PBXFileReference; explicitFileType = wrapper.framework; includeInIndex = 0; path = Pods_LensWizard.framework; sourceTree = BUILT_PRODUCTS_DIR; };
/* End PBXFileReference section */

/* Begin PBXFrameworksBuildPhase section */
		24B539531F26B9C500090587 /* Frameworks */ = {
			isa = PBXFrameworksBuildPhase;
			buildActionMask = 2147483647;
			files = (
				80EF9F7AF1AB095BD4930725 /* Pods_LensWizard.framework in Frameworks */,
			);
			runOnlyForDeploymentPostprocessing = 0;
		};
/* End PBXFrameworksBuildPhase section */

/* Begin PBXGroup section */
		2462CA1F1F27489A001A026E /* Fonts */ = {
			isa = PBXGroup;
			children = (
				2462CA1E1F274895001A026E /* Quicksand-Regular.ttf */,
			);
			path = Fonts;
			sourceTree = "<group>";
		};
		24B5394D1F26B9C500090587 = {
			isa = PBXGroup;
			children = (
				24B539581F26B9C500090587 /* LensWizard */,
				24B539571F26B9C500090587 /* Products */,
				D9C069786CD3E7DC4FB03F1C /* Pods */,
				C4414FB06F10D2733A7C9089 /* Frameworks */,
			);
			sourceTree = "<group>";
		};
		24B539571F26B9C500090587 /* Products */ = {
			isa = PBXGroup;
			children = (
				24B539561F26B9C500090587 /* LensWizard.app */,
			);
			name = Products;
			sourceTree = "<group>";
		};
		24B539581F26B9C500090587 /* LensWizard */ = {
			isa = PBXGroup;
			children = (
				24D1E1D01F42B8DC00C754FE /* CoreML Models */,
				2462CA1F1F27489A001A026E /* Fonts */,
				2499D9A41F274F1F006ED807 /* MainMenu.swift */,
				24B5395B1F26B9C500090587 /* CameraViewController.swift */,
				24B5395D1F26B9C500090587 /* Main.storyboard */,
				24B539601F26B9C500090587 /* Assets.xcassets */,
				24B539621F26B9C500090587 /* LaunchScreen.storyboard */,
				24B539651F26B9C500090587 /* Info.plist */,
			);
			path = LensWizard;
			sourceTree = "<group>";
		};
		24D1E1D01F42B8DC00C754FE /* CoreML Models */ = {
			isa = PBXGroup;
			children = (
				24D1E1CF1F42B8D600C754FE /* Inceptionv3.mlmodel */,
			);
			path = "CoreML Models";
			sourceTree = "<group>";
		};
		C4414FB06F10D2733A7C9089 /* Frameworks */ = {
			isa = PBXGroup;
			children = (
				645432FEF8BEBF29F059AD90 /* Pods_LensWizard.framework */,
			);
			name = Frameworks;
			sourceTree = "<group>";
		};
		D9C069786CD3E7DC4FB03F1C /* Pods */ = {
			isa = PBXGroup;
			children = (
				5F22675E69D5883C61A6B3A5 /* Pods-LensWizard.debug.xcconfig */,
				198DEB83469AA4B2378540DC /* Pods-LensWizard.release.xcconfig */,
			);
			name = Pods;
			sourceTree = "<group>";
		};
/* End PBXGroup section */

/* Begin PBXNativeTarget section */
		24B539551F26B9C500090587 /* LensWizard */ = {
			isa = PBXNativeTarget;
			buildConfigurationList = 24B539681F26B9C500090587 /* Build configuration list for PBXNativeTarget "LensWizard" */;
			buildPhases = (
				7C8F70073589427F45D2FC40 /* [CP] Check Pods Manifest.lock */,
				24B539521F26B9C500090587 /* Sources */,
				24B539531F26B9C500090587 /* Frameworks */,
				24B539541F26B9C500090587 /* Resources */,
				D07B9F6D5EF25F1EC0128593 /* [CP] Embed Pods Frameworks */,
				16C67FAB3EC5880A23A89ACA /* [CP] Copy Pods Resources */,
			);
			buildRules = (
			);
			dependencies = (
			);
			name = LensWizard;
			productName = LensWizard;
			productReference = 24B539561F26B9C500090587 /* LensWizard.app */;
			productType = "com.apple.product-type.application";
		};
/* End PBXNativeTarget section */

/* Begin PBXProject section */
		24B5394E1F26B9C500090587 /* Project object */ = {
			isa = PBXProject;
			attributes = {
				LastSwiftUpdateCheck = 0900;
				LastUpgradeCheck = 0900;
				ORGANIZATIONNAME = "Parth Desai";
				TargetAttributes = {
					24B539551F26B9C500090587 = {
						CreatedOnToolsVersion = 9.0;
					};
				};
			};
			buildConfigurationList = 24B539511F26B9C500090587 /* Build configuration list for PBXProject "LensWizard" */;
			compatibilityVersion = "Xcode 8.0";
			developmentRegion = en;
			hasScannedForEncodings = 0;
			knownRegions = (
				en,
				Base,
			);
			mainGroup = 24B5394D1F26B9C500090587;
			productRefGroup = 24B539571F26B9C500090587 /* Products */;
			projectDirPath = "";
			projectRoot = "";
			targets = (
				24B539551F26B9C500090587 /* LensWizard */,
			);
		};
/* End PBXProject section */

/* Begin PBXResourcesBuildPhase section */
		24B539541F26B9C500090587 /* Resources */ = {
			isa = PBXResourcesBuildPhase;
			buildActionMask = 2147483647;
			files = (
				24B539641F26B9C500090587 /* LaunchScreen.storyboard in Resources */,
				24B539611F26B9C500090587 /* Assets.xcassets in Resources */,
				24B5395F1F26B9C500090587 /* Main.storyboard in Resources */,
				2462CA201F2748A5001A026E /* Quicksand-Regular.ttf in Resources */,
			);
			runOnlyForDeploymentPostprocessing = 0;
		};
/* End PBXResourcesBuildPhase section */

/* Begin PBXShellScriptBuildPhase section */
		16C67FAB3EC5880A23A89ACA /* [CP] Copy Pods Resources */ = {
			isa = PBXShellScriptBuildPhase;
			buildActionMask = 2147483647;
			files = (
			);
			inputPaths = (
			);
			name = "[CP] Copy Pods Resources";
			outputPaths = (
			);
			runOnlyForDeploymentPostprocessing = 0;
			shellPath = /bin/sh;
			shellScript = "\"${SRCROOT}/Pods/Target Support Files/Pods-LensWizard/Pods-LensWizard-resources.sh\"\n";
			showEnvVarsInLog = 0;
		};
		7C8F70073589427F45D2FC40 /* [CP] Check Pods Manifest.lock */ = {
			isa = PBXShellScriptBuildPhase;
			buildActionMask = 2147483647;
			files = (
			);
			inputPaths = (
			);
			name = "[CP] Check Pods Manifest.lock";
			outputPaths = (
			);
			runOnlyForDeploymentPostprocessing = 0;
			shellPath = /bin/sh;
			shellScript = "diff \"${PODS_PODFILE_DIR_PATH}/Podfile.lock\" \"${PODS_ROOT}/Manifest.lock\" > /dev/null\nif [ $? != 0 ] ; then\n    # print error to STDERR\n    echo \"error: The sandbox is not in sync with the Podfile.lock. Run 'pod install' or update your CocoaPods installation.\" >&2\n    exit 1\nfi\n";
			showEnvVarsInLog = 0;
		};
		D07B9F6D5EF25F1EC0128593 /* [CP] Embed Pods Frameworks */ = {
			isa = PBXShellScriptBuildPhase;
			buildActionMask = 2147483647;
			files = (
			);
			inputPaths = (
			);
			name = "[CP] Embed Pods Frameworks";
			outputPaths = (
			);
			runOnlyForDeploymentPostprocessing = 0;
			shellPath = /bin/sh;
			shellScript = "\"${SRCROOT}/Pods/Target Support Files/Pods-LensWizard/Pods-LensWizard-frameworks.sh\"\n";
			showEnvVarsInLog = 0;
		};
/* End PBXShellScriptBuildPhase section */

/* Begin PBXSourcesBuildPhase section */
		24B539521F26B9C500090587 /* Sources */ = {
			isa = PBXSourcesBuildPhase;
			buildActionMask = 2147483647;
			files = (
				24B5395C1F26B9C500090587 /* CameraViewController.swift in Sources */,
				2499D9A51F274F1F006ED807 /* MainMenu.swift in Sources */,
			);
			runOnlyForDeploymentPostprocessing = 0;
		};
/* End PBXSourcesBuildPhase section */

/* Begin PBXVariantGroup section */
		24B5395D1F26B9C500090587 /* Main.storyboard */ = {
			isa = PBXVariantGroup;
			children = (
				24B5395E1F26B9C500090587 /* Base */,
			);
			name = Main.storyboard;
			sourceTree = "<group>";
		};
		24B539621F26B9C500090587 /* LaunchScreen.storyboard */ = {
			isa = PBXVariantGroup;
			children = (
				24B539631F26B9C500090587 /* Base */,
			);
			name = LaunchScreen.storyboard;
			sourceTree = "<group>";
		};
/* End PBXVariantGroup section */

/* Begin XCBuildConfiguration section */
		24B539661F26B9C500090587 /* Debug */ = {
			isa = XCBuildConfiguration;
			buildSettings = {
				ALWAYS_SEARCH_USER_PATHS = NO;
				CLANG_ANALYZER_NONNULL = YES;
				CLANG_ANALYZER_NUMBER_OBJECT_CONVERSION = YES_AGGRESSIVE;
				CLANG_CXX_LANGUAGE_STANDARD = "gnu++14";
				CLANG_CXX_LIBRARY = "libc++";
				CLANG_ENABLE_MODULES = YES;
				CLANG_ENABLE_OBJC_ARC = YES;
				CLANG_WARN_BLOCK_CAPTURE_AUTORELEASING = YES;
				CLANG_WARN_BOOL_CONVERSION = YES;
				CLANG_WARN_COMMA = YES;
				CLANG_WARN_CONSTANT_CONVERSION = YES;
				CLANG_WARN_DIRECT_OBJC_ISA_USAGE = YES_ERROR;
				CLANG_WARN_DOCUMENTATION_COMMENTS = YES;
				CLANG_WARN_EMPTY_BODY = YES;
				CLANG_WARN_ENUM_CONVERSION = YES;
				CLANG_WARN_INFINITE_RECURSION = YES;
				CLANG_WARN_INT_CONVERSION = YES;
				CLANG_WARN_NON_LITERAL_NULL_CONVERSION = YES;
				CLANG_WARN_OBJC_LITERAL_CONVERSION = YES;
				CLANG_WARN_OBJC_ROOT_CLASS = YES_ERROR;
				CLANG_WARN_RANGE_LOOP_ANALYSIS = YES;
				CLANG_WARN_STRICT_PROTOTYPES = YES;
				CLANG_WARN_SUSPICIOUS_MOVE = YES;
				CLANG_WARN_UNGUARDED_AVAILABILITY = YES_AGGRESSIVE;
				CLANG_WARN_UNREACHABLE_CODE = YES;
				CLANG_WARN__DUPLICATE_METHOD_MATCH = YES;
				CODE_SIGN_IDENTITY = "iPhone Developer";
				COPY_PHASE_STRIP = NO;
				DEBUG_INFORMATION_FORMAT = dwarf;
				ENABLE_STRICT_OBJC_MSGSEND = YES;
				ENABLE_TESTABILITY = YES;
				GCC_C_LANGUAGE_STANDARD = gnu11;
				GCC_DYNAMIC_NO_PIC = NO;
				GCC_NO_COMMON_BLOCKS = YES;
				GCC_OPTIMIZATION_LEVEL = 0;
				GCC_PREPROCESSOR_DEFINITIONS = (
					"DEBUG=1",
					"$(inherited)",
				);
				GCC_WARN_64_TO_32_BIT_CONVERSION = YES;
				GCC_WARN_ABOUT_RETURN_TYPE = YES_ERROR;
				GCC_WARN_UNDECLARED_SELECTOR = YES;
				GCC_WARN_UNINITIALIZED_AUTOS = YES_AGGRESSIVE;
				GCC_WARN_UNUSED_FUNCTION = YES;
				GCC_WARN_UNUSED_VARIABLE = YES;
				IPHONEOS_DEPLOYMENT_TARGET = 11.0;
				MTL_ENABLE_DEBUG_INFO = YES;
				ONLY_ACTIVE_ARCH = YES;
				SDKROOT = iphoneos;
				SWIFT_ACTIVE_COMPILATION_CONDITIONS = DEBUG;
				SWIFT_OPTIMIZATION_LEVEL = "-Onone";
			};
			name = Debug;
		};
		24B539671F26B9C500090587 /* Release */ = {
			isa = XCBuildConfiguration;
			buildSettings = {
				ALWAYS_SEARCH_USER_PATHS = NO;
				CLANG_ANALYZER_NONNULL = YES;
				CLANG_ANALYZER_NUMBER_OBJECT_CONVERSION = YES_AGGRESSIVE;
				CLANG_CXX_LANGUAGE_STANDARD = "gnu++14";
				CLANG_CXX_LIBRARY = "libc++";
				CLANG_ENABLE_MODULES = YES;
				CLANG_ENABLE_OBJC_ARC = YES;
				CLANG_WARN_BLOCK_CAPTURE_AUTORELEASING = YES;
				CLANG_WARN_BOOL_CONVERSION = YES;
				CLANG_WARN_COMMA = YES;
				CLANG_WARN_CONSTANT_CONVERSION = YES;
				CLANG_WARN_DIRECT_OBJC_ISA_USAGE = YES_ERROR;
				CLANG_WARN_DOCUMENTATION_COMMENTS = YES;
				CLANG_WARN_EMPTY_BODY = YES;
				CLANG_WARN_ENUM_CONVERSION = YES;
				CLANG_WARN_INFINITE_RECURSION = YES;
				CLANG_WARN_INT_CONVERSION = YES;
				CLANG_WARN_NON_LITERAL_NULL_CONVERSION = YES;
				CLANG_WARN_OBJC_LITERAL_CONVERSION = YES;
				CLANG_WARN_OBJC_ROOT_CLASS = YES_ERROR;
				CLANG_WARN_RANGE_LOOP_ANALYSIS = YES;
				CLANG_WARN_STRICT_PROTOTYPES = YES;
				CLANG_WARN_SUSPICIOUS_MOVE = YES;
				CLANG_WARN_UNGUARDED_AVAILABILITY = YES_AGGRESSIVE;
				CLANG_WARN_UNREACHABLE_CODE = YES;
				CLANG_WARN__DUPLICATE_METHOD_MATCH = YES;
				CODE_SIGN_IDENTITY = "iPhone Developer";
				COPY_PHASE_STRIP = NO;
				DEBUG_INFORMATION_FORMAT = "dwarf-with-dsym";
				ENABLE_NS_ASSERTIONS = NO;
				ENABLE_STRICT_OBJC_MSGSEND = YES;
				GCC_C_LANGUAGE_STANDARD = gnu11;
				GCC_NO_COMMON_BLOCKS = YES;
				GCC_WARN_64_TO_32_BIT_CONVERSION = YES;
				GCC_WARN_ABOUT_RETURN_TYPE = YES_ERROR;
				GCC_WARN_UNDECLARED_SELECTOR = YES;
				GCC_WARN_UNINITIALIZED_AUTOS = YES_AGGRESSIVE;
				GCC_WARN_UNUSED_FUNCTION = YES;
				GCC_WARN_UNUSED_VARIABLE = YES;
				IPHONEOS_DEPLOYMENT_TARGET = 11.0;
				MTL_ENABLE_DEBUG_INFO = NO;
				SDKROOT = iphoneos;
				SWIFT_OPTIMIZATION_LEVEL = "-Owholemodule";
				VALIDATE_PRODUCT = YES;
			};
			name = Release;
		};
		24B539691F26B9C500090587 /* Debug */ = {
			isa = XCBuildConfiguration;
			baseConfigurationReference = 5F22675E69D5883C61A6B3A5 /* Pods-LensWizard.debug.xcconfig */;
			buildSettings = {
				ASSETCATALOG_COMPILER_APPICON_NAME = AppIcon;
				COREML_CODEGEN_LANGUAGE = Swift;
				DEVELOPMENT_TEAM = KF29YMGV9R;
				INFOPLIST_FILE = LensWizard/Info.plist;
				LD_RUNPATH_SEARCH_PATHS = "$(inherited) @executable_path/Frameworks";
				PRODUCT_BUNDLE_IDENTIFIER = parthdesai.LensWizard;
				PRODUCT_NAME = "$(TARGET_NAME)";
				SWIFT_VERSION = 4.0;
				TARGETED_DEVICE_FAMILY = "1,2";
			};
			name = Debug;
		};
		24B5396A1F26B9C500090587 /* Release */ = {
			isa = XCBuildConfiguration;
			baseConfigurationReference = 198DEB83469AA4B2378540DC /* Pods-LensWizard.release.xcconfig */;
			buildSettings = {
				ASSETCATALOG_COMPILER_APPICON_NAME = AppIcon;
				COREML_CODEGEN_LANGUAGE = Swift;
				DEVELOPMENT_TEAM = KF29YMGV9R;
				INFOPLIST_FILE = LensWizard/Info.plist;
				LD_RUNPATH_SEARCH_PATHS = "$(inherited) @executable_path/Frameworks";
				PRODUCT_BUNDLE_IDENTIFIER = parthdesai.LensWizard;
				PRODUCT_NAME = "$(TARGET_NAME)";
				SWIFT_VERSION = 4.0;
				TARGETED_DEVICE_FAMILY = "1,2";
			};
			name = Release;
		};
/* End XCBuildConfiguration section */

/* Begin XCConfigurationList section */
		24B539511F26B9C500090587 /* Build configuration list for PBXProject "LensWizard" */ = {
			isa = XCConfigurationList;
			buildConfigurations = (
				24B539661F26B9C500090587 /* Debug */,
				24B539671F26B9C500090587 /* Release */,
			);
			defaultConfigurationIsVisible = 0;
			defaultConfigurationName = Release;
		};
		24B539681F26B9C500090587 /* Build configuration list for PBXNativeTarget "LensWizard" */ = {
			isa = XCConfigurationList;
			buildConfigurations = (
				24B539691F26B9C500090587 /* Debug */,
				24B5396A1F26B9C500090587 /* Release */,
			);
			defaultConfigurationIsVisible = 0;
			defaultConfigurationName = Release;
		};
/* End XCConfigurationList section */
	};
	rootObject = 24B5394E1F26B9C500090587 /* Project object */;
}
